{
  "name": "caring-for-pops",
  "version": "1.0.0",
  "lockfileVersion": 2,
  "requires": true,
  "packages": {
    "": {
      "name": "caring-for-pops",
      "version": "1.0.0",
      "license": "ISC",
      "dependencies": {
        "bcryptjs": "^2.4.3",
        "jsonwebtoken": "^9.0.0",
        "pg": "^8.15.6",
        "drizzle-orm": "^0.43.1",
        "stripe": "^18.0.0"
      }
    }
  },
  "dependencies": {
    "bcryptjs": {
      "version": "2.4.3",
      "resolved": "https://registry.npmjs.org/bcryptjs/-/bcryptjs-2.4.3.tgz",
      "integrity": "sha512-NO6H3k8kfSP9YbWmUC9XOkzUevA0tLBFYmVXktzraU3XgKbfqUGxKplNy6zGeHgMIEIWKmtxO9KkfiWZyOHU8g=="
    },
    "jsonwebtoken": {
      "version": "9.0.0",
      "resolved": "https://registry.npmjs.org/jsonwebtoken/-/jsonwebtoken-9.0.0.tgz",
      "integrity": "sha512-rgLvB83QtgqM1kL6rOpBBDLRzWm+OKVaEynF9KQX3q8H0aXqZbiW4TSQjEc5sXL6XKeTz2nWc3ZwFS4LPguFTg=="
    },
    "pg": {
      "version": "8.15.6",
      "resolved": "https://registry.npmjs.org/pg/-/pg-8.15.6.tgz",
      "integrity": "sha512-YE1BlhxA+cKO1+JTxDFOAhZQ38n9pKmRyc+Vj39Dd+4rOnmMJ+OKcM8Q+u/GoVQevH3l+aOg+uN6WWz9IHTqvw=="
    },
    "drizzle-orm": {
      "version": "0.43.1",
      "resolved": "https://registry.npmjs.org/drizzle-orm/-/drizzle-orm-0.43.1.tgz",
      "integrity": "sha512-u8o6J1jlWrK9+F6GGxLOMJmgWTTiAGg0RwQMy9eEoPSXnOKHCKG9iJ/jpOOGXkvl9PHpHZwifwD6fZcIv+kdQQ=="
    },
    "stripe": {
      "version": "18.0.0",
      "resolved": "https://registry.npmjs.org/stripe/-/stripe-18.0.0.tgz",
      "integrity": "sha512-cdYZZfpoQvDnF9WJZ7vSRJ2NqYlNv3heh+/FWzAWVkHgMc5YKwK2t9kLgPr43ZhSozHhivZu0nEZw7Fgxqsm9Q=="
    }
  }
}
