{
  "name": "caring-for-pops",
  "version": "1.0.0",
  "lockfileVersion": 2,
  "requires": true,
  "packages": {
    "": {
      "name": "caring-for-pops",
      "version": "1.0.0",
      "license": "ISC",
      "dependencies": {
        "bcryptjs": "^2.4.3",
        "jsonwebtoken": "^9.0.0",
        "pg": "^8.15.6",
        "drizzle-orm": "^0.43.1",
        "stripe": "^18.0.0"
      }
    }
  },
  "dependencies": {
    "bcryptjs": {
      "version": "2.4.3",
      "resolved": "https://registry.npmjs.org/bcryptjs/-/bcryptjs-2.4.3.tgz",
      "integrity": "sha512-NO6H3k8kfSP9YbWmUC9XOkzUevA0tLBFYmVXktzraU3XgKbfqUGxK
